
Microsoft Visual Studio Solution File, Format Version 12.00
# Visual Studio Version 17
VisualStudioVersion = 17.3.32811.315
MinimumVisualStudioVersion = 10.0.40219.1
Project("{888888A0-9F3D-457C-B088-3A5042F75D52}") = "EstLab02SACM1164622", "EstLab02SACM1164622\EstLab02SACM1164622.pyproj", "{4A9648FF-F6E5-47C0-BD8C-867FE3CED1AA}"
EndProject
Global
	GlobalSection(SolutionConfigurationPlatforms) = preSolution
		Debug|Any CPU = Debug|Any CPU
		Release|Any CPU = Release|Any CPU
	EndGlobalSection
	GlobalSection(ProjectConfigurationPlatforms) = postSolution
		{4A9648FF-F6E5-47C0-BD8C-867FE3CED1AA}.Debug|Any CPU.ActiveCfg = Debug|Any CPU
		{4A9648FF-F6E5-47C0-BD8C-867FE3CED1AA}.Release|Any CPU.ActiveCfg = Release|Any CPU
	EndGlobalSection
	GlobalSection(SolutionProperties) = preSolution
		HideSolutionNode = FALSE
	EndGlobalSection
	GlobalSection(ExtensibilityGlobals) = postSolution
		SolutionGuid = {7354921D-0229-440A-B8DB-0C1B0C99F606}
	EndGlobalSection
EndGlobal
